<?xml version="1.0" encoding="utf-8"?>
<Project ToolsVersion="4.0" xmlns="http://schemas.microsoft.com/developer/msbuild/2003">
  <ItemGroup>
    <Filter Include="Utility">
      <UniqueIdentifier>{02186c6d-89b8-4564-b5cc-2457292b2f7f}</UniqueIdentifier>
    </Filter>
    <Filter Include="Engine">
      <UniqueIdentifier>{4FC737F1-C7A5-4376-A066-2A32D752A2FF}</UniqueIdentifier>
      <Extensions>cpp;c;cc;cxx;c++;cppm;ixx;def;odl;idl;hpj;bat;asm;asmx</Extensions>
    </Filter>
    <Filter Include="Engine\ImGui">
      <UniqueIdentifier>{f50be1f4-0156-4dbd-92e9-db591ab64b95}</UniqueIdentifier>
    </Filter>
    <Filter Include="Engine\Input">
      <UniqueIdentifier>{ad566296-97b3-498a-930b-6e1af59abccd}</UniqueIdentifier>
    </Filter>
    <Filter Include="Engine\System">
      <UniqueIdentifier>{1ccac4a8-4769-42f0-aa49-042058e559b0}</UniqueIdentifier>
    </Filter>
    <Filter Include="Engine\Tools">
      <UniqueIdentifier>{537ecd4f-48ea-486b-aaf9-71b8a8f36fe0}</UniqueIdentifier>
    </Filter>
    <Filter Include="Engine\Physics">
      <UniqueIdentifier>{f5a1345d-4029-43e8-99bc-e50d9ce4e9e1}</UniqueIdentifier>
    </Filter>
    <Filter Include="Engine\Helpers">
      <UniqueIdentifier>{3ecb6393-57b7-4119-a556-619499c1b574}</UniqueIdentifier>
    </Filter>
    <Filter Include="Engine\Common">
      <UniqueIdentifier>{135c286d-7ac4-4c49-81b3-971bac98d647}</UniqueIdentifier>
    </Filter>
    <Filter Include="Engine\Graphics">
      <UniqueIdentifier>{64660888-7db7-4e99-875d-6731e025b5c1}</UniqueIdentifier>
    </Filter>
    <Filter Include="Engine\Audio">
      <UniqueIdentifier>{308300af-9c64-4834-8961-9bda947f0d64}</UniqueIdentifier>
    </Filter>
    <Filter Include="Engine\High Level Interface">
      <UniqueIdentifier>{9295745f-0063-4632-beb4-703b9122849d}</UniqueIdentifier>
    </Filter>
    <Filter Include="Engine\Graphics\API">
      <UniqueIdentifier>{086a954f-4f18-4722-b22c-ff2c718c1312}</UniqueIdentifier>
    </Filter>
  </ItemGroup>
  <ItemGroup>
    <ClCompile Include="Utility\D3D12MemAlloc.cpp">
      <Filter>Utility</Filter>
    </ClCompile>
    <ClCompile Include="Utility\samplerBlueNoiseErrorDistribution_128x128_OptimizedFor_2d2d2d2d_1spp.cpp">
      <Filter>Utility</Filter>
    </ClCompile>
    <ClCompile Include="Utility\spirv_reflect.c">
      <Filter>Utility</Filter>
    </ClCompile>
    <ClCompile Include="Utility\stb_vorbis.c">
      <Filter>Utility</Filter>
    </ClCompile>
    <ClCompile Include="Utility\utility_common.cpp">
      <Filter>Utility</Filter>
    </ClCompile>
    <ClCompile Include="apAudio.cpp">
      <Filter>Engine\Audio</Filter>
    </ClCompile>
    <ClCompile Include="apGraphicsDevice_DX12.cpp">
      <Filter>Engine\Graphics\API</Filter>
    </ClCompile>
    <ClCompile Include="apShaderCompiler.cpp">
      <Filter>Engine\Graphics\API</Filter>
    </ClCompile>
    <ClCompile Include="apEmittedParticle.cpp">
      <Filter>Engine\Graphics</Filter>
    </ClCompile>
    <ClCompile Include="apFFTGenerator.cpp">
      <Filter>Engine\Graphics</Filter>
    </ClCompile>
    <ClCompile Include="apGPUBVH.cpp">
      <Filter>Engine\Graphics</Filter>
    </ClCompile>
    <ClCompile Include="apGPUSortLib.cpp">
      <Filter>Engine\Graphics</Filter>
    </ClCompile>
    <ClCompile Include="apHairParticle.cpp">
      <Filter>Engine\Graphics</Filter>
    </ClCompile>
    <ClCompile Include="apImage.cpp">
      <Filter>Engine\Graphics</Filter>
    </ClCompile>
    <ClCompile Include="apOcean.cpp">
      <Filter>Engine\Graphics</Filter>
    </ClCompile>
    <ClCompile Include="apRenderer.cpp">
      <Filter>Engine\Graphics</Filter>
    </ClCompile>
    <ClCompile Include="apSprite.cpp">
      <Filter>Engine\Graphics</Filter>
    </ClCompile>
    <ClCompile Include="apSpriteFont.cpp">
      <Filter>Engine\Graphics</Filter>
    </ClCompile>
    <ClCompile Include="apTextureHelper.cpp">
      <Filter>Engine\Graphics</Filter>
    </ClCompile>
    <ClCompile Include="apArchive.cpp">
      <Filter>Engine\Helpers</Filter>
    </ClCompile>
    <ClCompile Include="apArguments.cpp">
      <Filter>Engine\Helpers</Filter>
    </ClCompile>
    <ClCompile Include="apFadeManager.cpp">
      <Filter>Engine\Helpers</Filter>
    </ClCompile>
    <ClCompile Include="apHelper.cpp">
      <Filter>Engine\Helpers</Filter>
    </ClCompile>
    <ClCompile Include="apMath.cpp">
      <Filter>Engine\Helpers</Filter>
    </ClCompile>
    <ClCompile Include="apPrimitive.cpp">
      <Filter>Engine\Helpers</Filter>
    </ClCompile>
    <ClCompile Include="apRandom.cpp">
      <Filter>Engine\Helpers</Filter>
    </ClCompile>
    <ClCompile Include="apRectPacker.cpp">
      <Filter>Engine\Helpers</Filter>
    </ClCompile>
    <ClCompile Include="apResourceManager.cpp">
      <Filter>Engine\Helpers</Filter>
    </ClCompile>
    <ClCompile Include="apApplication.cpp">
      <Filter>Engine\High Level Interface</Filter>
    </ClCompile>
    <ClCompile Include="apLoadingScreen.cpp">
      <Filter>Engine\High Level Interface</Filter>
    </ClCompile>
    <ClCompile Include="apRenderPath3D.cpp">
      <Filter>Engine\High Level Interface</Filter>
    </ClCompile>
    <ClCompile Include="apRenderPath2D.cpp">
      <Filter>Engine\High Level Interface</Filter>
    </ClCompile>
    <ClCompile Include="apRenderPath3D_PathTracing.cpp">
      <Filter>Engine\High Level Interface</Filter>
    </ClCompile>
    <ClCompile Include="apXInput.cpp">
      <Filter>Engine\Input</Filter>
    </ClCompile>
    <ClCompile Include="apSDLInput.cpp">
      <Filter>Engine\Input</Filter>
    </ClCompile>
    <ClCompile Include="apRawInput.cpp">
      <Filter>Engine\Input</Filter>
    </ClCompile>
    <ClCompile Include="apInput.cpp">
      <Filter>Engine\Input</Filter>
    </ClCompile>
    <ClCompile Include="apPhysics_Bullet.cpp">
      <Filter>Engine\Physics</Filter>
    </ClCompile>
    <ClCompile Include="apEventHandler.cpp">
      <Filter>Engine\System</Filter>
    </ClCompile>
    <ClCompile Include="apGUI.cpp">
      <Filter>Engine\System</Filter>
    </ClCompile>
    <ClCompile Include="apInitializer.cpp">
      <Filter>Engine\System</Filter>
    </ClCompile>
    <ClCompile Include="apJobSystem.cpp">
      <Filter>Engine\System</Filter>
    </ClCompile>
    <ClCompile Include="apScene_Serializers.cpp">
      <Filter>Engine\System</Filter>
    </ClCompile>
    <ClCompile Include="apScene.cpp">
      <Filter>Engine\System</Filter>
    </ClCompile>
    <ClCompile Include="apBacklog.cpp">
      <Filter>Engine\Tools</Filter>
    </ClCompile>
    <ClCompile Include="apProfiler.cpp">
      <Filter>Engine\Tools</Filter>
    </ClCompile>
    <ClCompile Include="apVersion.cpp">
      <Filter>Engine</Filter>
    </ClCompile>
    <ClCompile Include="apFont.cpp">
      <Filter>Engine\Graphics</Filter>
    </ClCompile>
    <ClCompile Include="apImGui.cpp">
      <Filter>Engine\ImGui</Filter>
    </ClCompile>
    <ClCompile Include="apOcean_waveworks.cpp">
      <Filter>Engine\Graphics</Filter>
    </ClCompile>
    <ClCompile Include="blueprints-example.cpp">
      <Filter>Engine\ImGui</Filter>
    </ClCompile>
  </ItemGroup>
  <ItemGroup>
    <ClInclude Include="Utility\arial.h">
      <Filter>Utility</Filter>
    </ClInclude>
    <ClInclude Include="Utility\D3D12MemAlloc.h">
      <Filter>Utility</Filter>
    </ClInclude>
    <ClInclude Include="Utility\DirectXCollision.h">
      <Filter>Utility</Filter>
    </ClInclude>
    <ClInclude Include="Utility\DirectXColors.h">
      <Filter>Utility</Filter>
    </ClInclude>
    <ClInclude Include="Utility\DirectXMath.h">
      <Filter>Utility</Filter>
    </ClInclude>
    <ClInclude Include="Utility\DirectXMathCommon.h">
      <Filter>Utility</Filter>
    </ClInclude>
    <ClInclude Include="Utility\DirectXPackedVector.h">
      <Filter>Utility</Filter>
    </ClInclude>
    <ClInclude Include="Utility\dxcapi.h">
      <Filter>Utility</Filter>
    </ClInclude>
    <ClInclude Include="Utility\flat_hash_map.hpp">
      <Filter>Utility</Filter>
    </ClInclude>
    <ClInclude Include="Utility\portable-file-dialogs.h">
      <Filter>Utility</Filter>
    </ClInclude>
    <ClInclude Include="Utility\sal.h">
      <Filter>Utility</Filter>
    </ClInclude>
    <ClInclude Include="Utility\spirv_reflect.h">
      <Filter>Utility</Filter>
    </ClInclude>
    <ClInclude Include="Utility\stb_image.h">
      <Filter>Utility</Filter>
    </ClInclude>
    <ClInclude Include="Utility\stb_image_write.h">
      <Filter>Utility</Filter>
    </ClInclude>
    <ClInclude Include="Utility\stb_truetype.h">
      <Filter>Utility</Filter>
    </ClInclude>
    <ClInclude Include="Utility\tinyddsloader.h">
      <Filter>Utility</Filter>
    </ClInclude>
    <ClInclude Include="Utility\vk_mem_alloc.h">
      <Filter>Utility</Filter>
    </ClInclude>
    <ClInclude Include="Utility\volk.h">
      <Filter>Utility</Filter>
    </ClInclude>
    <ClInclude Include="Utility\dx12\d3dx12.h">
      <Filter>Utility</Filter>
    </ClInclude>
    <ClInclude Include="Utility\include\spirv\unified1\spirv.h">
      <Filter>Utility</Filter>
    </ClInclude>
    <ClInclude Include="apAudio.h">
      <Filter>Engine\Audio</Filter>
    </ClInclude>
    <ClInclude Include="AppleEngine.h">
      <Filter>Engine\Common</Filter>
    </ClInclude>
    <ClInclude Include="CommonInclude.h">
      <Filter>Engine\Common</Filter>
    </ClInclude>
    <ClInclude Include="apGraphicsDevice_DX12.h">
      <Filter>Engine\Graphics\API</Filter>
    </ClInclude>
    <ClInclude Include="apGraphics.h">
      <Filter>Engine\Graphics\API</Filter>
    </ClInclude>
    <ClInclude Include="apGraphicsDevice.h">
      <Filter>Engine\Graphics\API</Filter>
    </ClInclude>
    <ClInclude Include="apShaderCompiler.h">
      <Filter>Engine\Graphics\API</Filter>
    </ClInclude>
    <ClInclude Include="apEmittedParticle.h">
      <Filter>Engine\Graphics</Filter>
    </ClInclude>
    <ClInclude Include="apEnums.h">
      <Filter>Engine\Graphics</Filter>
    </ClInclude>
    <ClInclude Include="apFFTGenerator.h">
      <Filter>Engine\Graphics</Filter>
    </ClInclude>
    <ClInclude Include="apGPUBVH.h">
      <Filter>Engine\Graphics</Filter>
    </ClInclude>
    <ClInclude Include="apGPUSortLib.h">
      <Filter>Engine\Graphics</Filter>
    </ClInclude>
    <ClInclude Include="apHairParticle.h">
      <Filter>Engine\Graphics</Filter>
    </ClInclude>
    <ClInclude Include="apImage.h">
      <Filter>Engine\Graphics</Filter>
    </ClInclude>
    <ClInclude Include="apOcean.h">
      <Filter>Engine\Graphics</Filter>
    </ClInclude>
    <ClInclude Include="apRenderer.h">
      <Filter>Engine\Graphics</Filter>
    </ClInclude>
    <ClInclude Include="apSprite.h">
      <Filter>Engine\Graphics</Filter>
    </ClInclude>
    <ClInclude Include="apSpriteFont.h">
      <Filter>Engine\Graphics</Filter>
    </ClInclude>
    <ClInclude Include="apTextureHelper.h">
      <Filter>Engine\Graphics</Filter>
    </ClInclude>
    <ClInclude Include="apArchive.h">
      <Filter>Engine\Helpers</Filter>
    </ClInclude>
    <ClInclude Include="apArguments.h">
      <Filter>Engine\Helpers</Filter>
    </ClInclude>
    <ClInclude Include="apColor.h">
      <Filter>Engine\Helpers</Filter>
    </ClInclude>
    <ClInclude Include="apFadeManager.h">
      <Filter>Engine\Helpers</Filter>
    </ClInclude>
    <ClInclude Include="apHelper.h">
      <Filter>Engine\Helpers</Filter>
    </ClInclude>
    <ClInclude Include="apMath.h">
      <Filter>Engine\Helpers</Filter>
    </ClInclude>
    <ClInclude Include="apPrimitive.h">
      <Filter>Engine\Helpers</Filter>
    </ClInclude>
    <ClInclude Include="apRandom.h">
      <Filter>Engine\Helpers</Filter>
    </ClInclude>
    <ClInclude Include="apRectPacker.h">
      <Filter>Engine\Helpers</Filter>
    </ClInclude>
    <ClInclude Include="apResourceManager.h">
      <Filter>Engine\Helpers</Filter>
    </ClInclude>
    <ClInclude Include="apSpinLock.h">
      <Filter>Engine\Helpers</Filter>
    </ClInclude>
    <ClInclude Include="apTimer.h">
      <Filter>Engine\Helpers</Filter>
    </ClInclude>
    <ClInclude Include="apUnorderedSet.h">
      <Filter>Engine\Helpers</Filter>
    </ClInclude>
    <ClInclude Include="apUnorderedMap.h">
      <Filter>Engine\Helpers</Filter>
    </ClInclude>
    <ClInclude Include="apVector.h">
      <Filter>Engine\Helpers</Filter>
    </ClInclude>
    <ClInclude Include="apApplication.h">
      <Filter>Engine\High Level Interface</Filter>
    </ClInclude>
    <ClInclude Include="apLoadingScreen.h">
      <Filter>Engine\High Level Interface</Filter>
    </ClInclude>
    <ClInclude Include="apRenderPath3D.h">
      <Filter>Engine\High Level Interface</Filter>
    </ClInclude>
    <ClInclude Include="apRenderPath2D.h">
      <Filter>Engine\High Level Interface</Filter>
    </ClInclude>
    <ClInclude Include="apRenderPath.h">
      <Filter>Engine\High Level Interface</Filter>
    </ClInclude>
    <ClInclude Include="apRenderPath3D_PathTracing.h">
      <Filter>Engine\High Level Interface</Filter>
    </ClInclude>
    <ClInclude Include="apXInput.h">
      <Filter>Engine\Input</Filter>
    </ClInclude>
    <ClInclude Include="apSDLInput.h">
      <Filter>Engine\Input</Filter>
    </ClInclude>
    <ClInclude Include="apRawInput.h">
      <Filter>Engine\Input</Filter>
    </ClInclude>
    <ClInclude Include="apInput.h">
      <Filter>Engine\Input</Filter>
    </ClInclude>
    <ClInclude Include="apPhysics.h">
      <Filter>Engine\Physics</Filter>
    </ClInclude>
    <ClInclude Include="apCanvas.h">
      <Filter>Engine\System</Filter>
    </ClInclude>
    <ClInclude Include="apECS.h">
      <Filter>Engine\System</Filter>
    </ClInclude>
    <ClInclude Include="apEventHandler.h">
      <Filter>Engine\System</Filter>
    </ClInclude>
    <ClInclude Include="apGUI.h">
      <Filter>Engine\System</Filter>
    </ClInclude>
    <ClInclude Include="apInitializer.h">
      <Filter>Engine\System</Filter>
    </ClInclude>
    <ClInclude Include="apJobSystem.h">
      <Filter>Engine\System</Filter>
    </ClInclude>
    <ClInclude Include="apPlatform.h">
      <Filter>Engine\System</Filter>
    </ClInclude>
    <ClInclude Include="apScene_Decl.h">
      <Filter>Engine\System</Filter>
    </ClInclude>
    <ClInclude Include="apScene.h">
      <Filter>Engine\System</Filter>
    </ClInclude>
    <ClInclude Include="apBacklog.h">
      <Filter>Engine\Tools</Filter>
    </ClInclude>
    <ClInclude Include="apProfiler.h">
      <Filter>Engine\Tools</Filter>
    </ClInclude>
    <ClInclude Include="apVersion.h">
      <Filter>Engine</Filter>
    </ClInclude>
    <ClInclude Include="apFont.h">
      <Filter>Engine\Graphics</Filter>
    </ClInclude>
    <ClInclude Include="apImGuiColor.h">
      <Filter>Engine\ImGui</Filter>
    </ClInclude>
    <ClInclude Include="apImGui.h">
      <Filter>Engine\ImGui</Filter>
    </ClInclude>
    <ClInclude Include="apOcean_waveworks.h">
      <Filter>Engine\Graphics</Filter>
    </ClInclude>
  </ItemGroup>
  <ItemGroup>
    <None Include="Utility\DirectXCollision.inl">
      <Filter>Utility</Filter>
    </None>
    <None Include="Utility\DirectXMathConvert.inl">
      <Filter>Utility</Filter>
    </None>
    <None Include="Utility\DirectXMathMatrix.inl">
      <Filter>Utility</Filter>
    </None>
    <None Include="Utility\DirectXMathMisc.inl">
      <Filter>Utility</Filter>
    </None>
    <None Include="Utility\DirectXMathVector.inl">
      <Filter>Utility</Filter>
    </None>
    <None Include="Utility\DirectXPackedVector.inl">
      <Filter>Utility</Filter>
    </None>
  </ItemGroup>
</Project>